Microsoft Visual Studio Solution File, Format Version 12.00
# Visual Studio Version 17
VisualStudioVersion = 17.5.2.0
MinimumVisualStudioVersion = 10.0.40219.1
Project("{FAE04EC0-301F-11D3-BF4B-00C04F79EFBC}") = "LabMod5", "LabMod5.csproj", "{843328EF-5DAD-4E7E-052F-982F9F3FF817}"
EndProject
Global
	GlobalSection(SolutionConfigurationPlatforms) = preSolution
		Debug|Any CPU = Debug|Any CPU
		Release|Any CPU = Release|Any CPU
	EndGlobalSection
	GlobalSection(ProjectConfigurationPlatforms) = postSolution
		{843328EF-5DAD-4E7E-052F-982F9F3FF817}.Debug|Any CPU.ActiveCfg = Debug|Any CPU
		{843328EF-5DAD-4E7E-052F-982F9F3FF817}.Debug|Any CPU.Build.0 = Debug|Any CPU
		{843328EF-5DAD-4E7E-052F-982F9F3FF817}.Release|Any CPU.ActiveCfg = Release|Any CPU
		{843328EF-5DAD-4E7E-052F-982F9F3FF817}.Release|Any CPU.Build.0 = Release|Any CPU
	EndGlobalSection
	GlobalSection(SolutionProperties) = preSolution
		HideSolutionNode = FALSE
	EndGlobalSection
	GlobalSection(ExtensibilityGlobals) = postSolution
		SolutionGuid = {5D7AE61C-EE2A-4E7B-8F65-0B5B030B8BC5}
	EndGlobalSection
EndGlobal
